// !$*UTF8*$!
{
	archiveVersion = 1;
	classes = {
	};
	objectVersion = 56;
	objects = {

/* Begin PBXBuildFile section */
		B0FFB33B2B7EC1ED00CCC42E /* main.cpp in Sources */ = {isa = PBXBuildFile; fileRef = B0FFB33A2B7EC1ED00CCC42E /* main.cpp */; };
		B0FFB3482B7EC73D00CCC42E /* AppKit.framework in Frameworks */ = {isa = PBXBuildFile; fileRef = B0FFB3462B7EC51C00CCC42E /* AppKit.framework */; };
		B0FFB3492B7EC74400CCC42E /* Metal.framework in Frameworks */ = {isa = PBXBuildFile; fileRef = B0FFB3422B7EC51500CCC42E /* Metal.framework */; };
		B0FFB34A2B7EC74A00CCC42E /* MetalKit.framework in Frameworks */ = {isa = PBXBuildFile; fileRef = B0FFB3432B7EC51500CCC42E /* MetalKit.framework */; };
		B0FFB34F2B7ED51000CCC42E /* renderer.cpp in Sources */ = {isa = PBXBuildFile; fileRef = B0FFB34D2B7ED51000CCC42E /* renderer.cpp */; };
		B0FFB3522B7ED52400CCC42E /* app_delegate.cpp in Sources */ = {isa = PBXBuildFile; fileRef = B0FFB3502B7ED52400CCC42E /* app_delegate.cpp */; };
		B0FFB3552B7ED53100CCC42E /* view_delegate.cpp in Sources */ = {isa = PBXBuildFile; fileRef = B0FFB3532B7ED53100CCC42E /* view_delegate.cpp */; };
/* End PBXBuildFile section */

/* Begin PBXCopyFilesBuildPhase section */
		B0FFB3352B7EC1ED00CCC42E /* CopyFiles */ = {
			isa = PBXCopyFilesBuildPhase;
			buildActionMask = 2147483647;
			dstPath = /usr/share/man/man1/;
			dstSubfolderSpec = 0;
			files = (
			);
			runOnlyForDeploymentPostprocessing = 1;
		};
/* End PBXCopyFilesBuildPhase section */

/* Begin PBXFileReference section */
		B0FFB3372B7EC1ED00CCC42E /* hello_metal_cpp */ = {isa = PBXFileReference; explicitFileType = "compiled.mach-o.executable"; includeInIndex = 0; path = hello_metal_cpp; sourceTree = BUILT_PRODUCTS_DIR; };
		B0FFB33A2B7EC1ED00CCC42E /* main.cpp */ = {isa = PBXFileReference; lastKnownFileType = sourcecode.cpp.cpp; path = main.cpp; sourceTree = "<group>"; };
		B0FFB3422B7EC51500CCC42E /* Metal.framework */ = {isa = PBXFileReference; lastKnownFileType = wrapper.framework; name = Metal.framework; path = System/Library/Frameworks/Metal.framework; sourceTree = SDKROOT; };
		B0FFB3432B7EC51500CCC42E /* MetalKit.framework */ = {isa = PBXFileReference; lastKnownFileType = wrapper.framework; name = MetalKit.framework; path = System/Library/Frameworks/MetalKit.framework; sourceTree = SDKROOT; };
		B0FFB3462B7EC51C00CCC42E /* AppKit.framework */ = {isa = PBXFileReference; lastKnownFileType = wrapper.framework; name = AppKit.framework; path = System/Library/Frameworks/AppKit.framework; sourceTree = SDKROOT; };
		B0FFB34D2B7ED51000CCC42E /* renderer.cpp */ = {isa = PBXFileReference; lastKnownFileType = sourcecode.cpp.cpp; path = renderer.cpp; sourceTree = "<group>"; };
		B0FFB3502B7ED52400CCC42E /* app_delegate.cpp */ = {isa = PBXFileReference; lastKnownFileType = sourcecode.cpp.cpp; path = app_delegate.cpp; sourceTree = "<group>"; };
		B0FFB3532B7ED53100CCC42E /* view_delegate.cpp */ = {isa = PBXFileReference; lastKnownFileType = sourcecode.cpp.cpp; path = view_delegate.cpp; sourceTree = "<group>"; };
		B0FFB3562B7ED55B00CCC42E /* config.h */ = {isa = PBXFileReference; lastKnownFileType = sourcecode.c.h; path = config.h; sourceTree = "<group>"; };
		B0FFB3572B7ED7C900CCC42E /* app_delegate.h */ = {isa = PBXFileReference; lastKnownFileType = sourcecode.c.h; path = app_delegate.h; sourceTree = "<group>"; };
		B0FFB3582B7ED7E200CCC42E /* view_delegate.h */ = {isa = PBXFileReference; lastKnownFileType = sourcecode.c.h; path = view_delegate.h; sourceTree = "<group>"; };
		B0FFB3592B7ED82100CCC42E /* renderer.h */ = {isa = PBXFileReference; lastKnownFileType = sourcecode.c.h; path = renderer.h; sourceTree = "<group>"; };
/* End PBXFileReference section */

/* Begin PBXFrameworksBuildPhase section */
		B0FFB3342B7EC1ED00CCC42E /* Frameworks */ = {
			isa = PBXFrameworksBuildPhase;
			buildActionMask = 2147483647;
			files = (
				B0FFB3482B7EC73D00CCC42E /* AppKit.framework in Frameworks */,
				B0FFB34A2B7EC74A00CCC42E /* MetalKit.framework in Frameworks */,
				B0FFB3492B7EC74400CCC42E /* Metal.framework in Frameworks */,
			);
			runOnlyForDeploymentPostprocessing = 0;
		};
/* End PBXFrameworksBuildPhase section */

/* Begin PBXGroup section */
		B0FFB32E2B7EC1ED00CCC42E = {
			isa = PBXGroup;
			children = (
				B0FFB3392B7EC1ED00CCC42E /* hello_metal_cpp */,
				B0FFB3382B7EC1ED00CCC42E /* Products */,
				B0FFB3412B7EC51500CCC42E /* Frameworks */,
			);
			sourceTree = "<group>";
		};
		B0FFB3382B7EC1ED00CCC42E /* Products */ = {
			isa = PBXGroup;
			children = (
				B0FFB3372B7EC1ED00CCC42E /* hello_metal_cpp */,
			);
			name = Products;
			sourceTree = "<group>";
		};
		B0FFB3392B7EC1ED00CCC42E /* hello_metal_cpp */ = {
			isa = PBXGroup;
			children = (
				B0FFB34B2B7ED4E400CCC42E /* control */,
				B0FFB34C2B7ED4F400CCC42E /* view */,
				B0FFB33A2B7EC1ED00CCC42E /* main.cpp */,
				B0FFB3562B7ED55B00CCC42E /* config.h */,
			);
			path = hello_metal_cpp;
			sourceTree = "<group>";
		};
		B0FFB3412B7EC51500CCC42E /* Frameworks */ = {
			isa = PBXGroup;
			children = (
				B0FFB3462B7EC51C00CCC42E /* AppKit.framework */,
				B0FFB3422B7EC51500CCC42E /* Metal.framework */,
				B0FFB3432B7EC51500CCC42E /* MetalKit.framework */,
			);
			name = Frameworks;
			sourceTree = "<group>";
		};
		B0FFB34B2B7ED4E400CCC42E /* control */ = {
			isa = PBXGroup;
			children = (
				B0FFB3502B7ED52400CCC42E /* app_delegate.cpp */,
				B0FFB3532B7ED53100CCC42E /* view_delegate.cpp */,
				B0FFB3572B7ED7C900CCC42E /* app_delegate.h */,
				B0FFB3582B7ED7E200CCC42E /* view_delegate.h */,
			);
			path = control;
			sourceTree = "<group>";
		};
		B0FFB34C2B7ED4F400CCC42E /* view */ = {
			isa = PBXGroup;
			children = (
				B0FFB34D2B7ED51000CCC42E /* renderer.cpp */,
				B0FFB3592B7ED82100CCC42E /* renderer.h */,
			);
			path = view;
			sourceTree = "<group>";
		};
/* End PBXGroup section */

/* Begin PBXNativeTarget section */
		B0FFB3362B7EC1ED00CCC42E /* hello_metal_cpp */ = {
			isa = PBXNativeTarget;
			buildConfigurationList = B0FFB33E2B7EC1ED00CCC42E /* Build configuration list for PBXNativeTarget "hello_metal_cpp" */;
			buildPhases = (
				B0FFB3332B7EC1ED00CCC42E /* Sources */,
				B0FFB3342B7EC1ED00CCC42E /* Frameworks */,
				B0FFB3352B7EC1ED00CCC42E /* CopyFiles */,
			);
			buildRules = (
			);
			dependencies = (
			);
			name = hello_metal_cpp;
			productName = hello_metal_cpp;
			productReference = B0FFB3372B7EC1ED00CCC42E /* hello_metal_cpp */;
			productType = "com.apple.product-type.tool";
		};
/* End PBXNativeTarget section */

/* Begin PBXProject section */
		B0FFB32F2B7EC1ED00CCC42E /* Project object */ = {
			isa = PBXProject;
			attributes = {
				BuildIndependentTargetsInParallel = 1;
				LastUpgradeCheck = 1520;
				TargetAttributes = {
					B0FFB3362B7EC1ED00CCC42E = {
						CreatedOnToolsVersion = 15.2;
					};
				};
			};
			buildConfigurationList = B0FFB3322B7EC1ED00CCC42E /* Build configuration list for PBXProject "hello_metal_cpp" */;
			compatibilityVersion = "Xcode 14.0";
			developmentRegion = en;
			hasScannedForEncodings = 0;
			knownRegions = (
				en,
				Base,
			);
			mainGroup = B0FFB32E2B7EC1ED00CCC42E;
			productRefGroup = B0FFB3382B7EC1ED00CCC42E /* Products */;
			projectDirPath = "";
			projectRoot = "";
			targets = (
				B0FFB3362B7EC1ED00CCC42E /* hello_metal_cpp */,
			);
		};
/* End PBXProject section */

/* Begin PBXSourcesBuildPhase section */
		B0FFB3332B7EC1ED00CCC42E /* Sources */ = {
			isa = PBXSourcesBuildPhase;
			buildActionMask = 2147483647;
			files = (
				B0FFB3522B7ED52400CCC42E /* app_delegate.cpp in Sources */,
				B0FFB34F2B7ED51000CCC42E /* renderer.cpp in Sources */,
				B0FFB33B2B7EC1ED00CCC42E /* main.cpp in Sources */,
				B0FFB3552B7ED53100CCC42E /* view_delegate.cpp in Sources */,
			);
			runOnlyForDeploymentPostprocessing = 0;
		};
/* End PBXSourcesBuildPhase section */

/* Begin XCBuildConfiguration section */
		B0FFB33C2B7EC1ED00CCC42E /* Debug */ = {
			isa = XCBuildConfiguration;
			buildSettings = {
				ALWAYS_SEARCH_USER_PATHS = NO;
				ASSETCATALOG_COMPILER_GENERATE_SWIFT_ASSET_SYMBOL_EXTENSIONS = YES;
				CLANG_ANALYZER_NONNULL = YES;
				CLANG_ANALYZER_NUMBER_OBJECT_CONVERSION = YES_AGGRESSIVE;
				CLANG_CXX_LANGUAGE_STANDARD = "gnu++20";
				CLANG_ENABLE_MODULES = YES;
				CLANG_ENABLE_OBJC_ARC = YES;
				CLANG_ENABLE_OBJC_WEAK = YES;
				CLANG_WARN_BLOCK_CAPTURE_AUTORELEASING = YES;
				CLANG_WARN_BOOL_CONVERSION = YES;
				CLANG_WARN_COMMA = YES;
				CLANG_WARN_CONSTANT_CONVERSION = YES;
				CLANG_WARN_DEPRECATED_OBJC_IMPLEMENTATIONS = YES;
				CLANG_WARN_DIRECT_OBJC_ISA_USAGE = YES_ERROR;
				CLANG_WARN_DOCUMENTATION_COMMENTS = YES;
				CLANG_WARN_EMPTY_BODY = YES;
				CLANG_WARN_ENUM_CONVERSION = YES;
				CLANG_WARN_INFINITE_RECURSION = YES;
				CLANG_WARN_INT_CONVERSION = YES;
				CLANG_WARN_NON_LITERAL_NULL_CONVERSION = YES;
				CLANG_WARN_OBJC_IMPLICIT_RETAIN_SELF = YES;
				CLANG_WARN_OBJC_LITERAL_CONVERSION = YES;
				CLANG_WARN_OBJC_ROOT_CLASS = YES_ERROR;
				CLANG_WARN_QUOTED_INCLUDE_IN_FRAMEWORK_HEADER = YES;
				CLANG_WARN_RANGE_LOOP_ANALYSIS = YES;
				CLANG_WARN_STRICT_PROTOTYPES = YES;
				CLANG_WARN_SUSPICIOUS_MOVE = YES;
				CLANG_WARN_UNGUARDED_AVAILABILITY = YES_AGGRESSIVE;
				CLANG_WARN_UNREACHABLE_CODE = YES;
				CLANG_WARN__DUPLICATE_METHOD_MATCH = YES;
				COPY_PHASE_STRIP = NO;
				DEBUG_INFORMATION_FORMAT = dwarf;
				ENABLE_STRICT_OBJC_MSGSEND = YES;
				ENABLE_TESTABILITY = YES;
				ENABLE_USER_SCRIPT_SANDBOXING = YES;
				GCC_C_LANGUAGE_STANDARD = gnu17;
				GCC_DYNAMIC_NO_PIC = NO;
				GCC_NO_COMMON_BLOCKS = YES;
				GCC_OPTIMIZATION_LEVEL = 0;
				GCC_PREPROCESSOR_DEFINITIONS = (
					"DEBUG=1",
					"$(inherited)",
				);
				GCC_WARN_64_TO_32_BIT_CONVERSION = YES;
				GCC_WARN_ABOUT_RETURN_TYPE = YES_ERROR;
				GCC_WARN_UNDECLARED_SELECTOR = YES;
				GCC_WARN_UNINITIALIZED_AUTOS = YES_AGGRESSIVE;
				GCC_WARN_UNUSED_FUNCTION = YES;
				GCC_WARN_UNUSED_VARIABLE = YES;
				"HEADER_SEARCH_PATHS[arch=*]" = "/Users/danielrivera/Projects/hello_metal_cpp/metal-cpp";
				LOCALIZATION_PREFERS_STRING_CATALOGS = YES;
				MACOSX_DEPLOYMENT_TARGET = 14.2;
				MTL_ENABLE_DEBUG_INFO = INCLUDE_SOURCE;
				MTL_FAST_MATH = YES;
				ONLY_ACTIVE_ARCH = YES;
				SDKROOT = macosx;
			};
			name = Debug;
		};
		B0FFB33D2B7EC1ED00CCC42E /* Release */ = {
			isa = XCBuildConfiguration;
			buildSettings = {
				ALWAYS_SEARCH_USER_PATHS = NO;
				ASSETCATALOG_COMPILER_GENERATE_SWIFT_ASSET_SYMBOL_EXTENSIONS = YES;
				CLANG_ANALYZER_NONNULL = YES;
				CLANG_ANALYZER_NUMBER_OBJECT_CONVERSION = YES_AGGRESSIVE;
				CLANG_CXX_LANGUAGE_STANDARD = "gnu++20";
				CLANG_ENABLE_MODULES = YES;
				CLANG_ENABLE_OBJC_ARC = YES;
				CLANG_ENABLE_OBJC_WEAK = YES;
				CLANG_WARN_BLOCK_CAPTURE_AUTORELEASING = YES;
				CLANG_WARN_BOOL_CONVERSION = YES;
				CLANG_WARN_COMMA = YES;
				CLANG_WARN_CONSTANT_CONVERSION = YES;
				CLANG_WARN_DEPRECATED_OBJC_IMPLEMENTATIONS = YES;
				CLANG_WARN_DIRECT_OBJC_ISA_USAGE = YES_ERROR;
				CLANG_WARN_DOCUMENTATION_COMMENTS = YES;
				CLANG_WARN_EMPTY_BODY = YES;
				CLANG_WARN_ENUM_CONVERSION = YES;
				CLANG_WARN_INFINITE_RECURSION = YES;
				CLANG_WARN_INT_CONVERSION = YES;
				CLANG_WARN_NON_LITERAL_NULL_CONVERSION = YES;
				CLANG_WARN_OBJC_IMPLICIT_RETAIN_SELF = YES;
				CLANG_WARN_OBJC_LITERAL_CONVERSION = YES;
				CLANG_WARN_OBJC_ROOT_CLASS = YES_ERROR;
				CLANG_WARN_QUOTED_INCLUDE_IN_FRAMEWORK_HEADER = YES;
				CLANG_WARN_RANGE_LOOP_ANALYSIS = YES;
				CLANG_WARN_STRICT_PROTOTYPES = YES;
				CLANG_WARN_SUSPICIOUS_MOVE = YES;
				CLANG_WARN_UNGUARDED_AVAILABILITY = YES_AGGRESSIVE;
				CLANG_WARN_UNREACHABLE_CODE = YES;
				CLANG_WARN__DUPLICATE_METHOD_MATCH = YES;
				COPY_PHASE_STRIP = NO;
				DEBUG_INFORMATION_FORMAT = "dwarf-with-dsym";
				ENABLE_NS_ASSERTIONS = NO;
				ENABLE_STRICT_OBJC_MSGSEND = YES;
				ENABLE_USER_SCRIPT_SANDBOXING = YES;
				GCC_C_LANGUAGE_STANDARD = gnu17;
				GCC_NO_COMMON_BLOCKS = YES;
				GCC_WARN_64_TO_32_BIT_CONVERSION = YES;
				GCC_WARN_ABOUT_RETURN_TYPE = YES_ERROR;
				GCC_WARN_UNDECLARED_SELECTOR = YES;
				GCC_WARN_UNINITIALIZED_AUTOS = YES_AGGRESSIVE;
				GCC_WARN_UNUSED_FUNCTION = YES;
				GCC_WARN_UNUSED_VARIABLE = YES;
				"HEADER_SEARCH_PATHS[arch=*]" = "/Users/danielrivera/Projects/hello_metal_cpp/metal-cpp";
				LOCALIZATION_PREFERS_STRING_CATALOGS = YES;
				MACOSX_DEPLOYMENT_TARGET = 14.2;
				MTL_ENABLE_DEBUG_INFO = NO;
				MTL_FAST_MATH = YES;
				SDKROOT = macosx;
			};
			name = Release;
		};
		B0FFB33F2B7EC1ED00CCC42E /* Debug */ = {
			isa = XCBuildConfiguration;
			buildSettings = {
				CODE_SIGN_STYLE = Automatic;
				PRODUCT_NAME = "$(TARGET_NAME)";
			};
			name = Debug;
		};
		B0FFB3402B7EC1ED00CCC42E /* Release */ = {
			isa = XCBuildConfiguration;
			buildSettings = {
				CODE_SIGN_STYLE = Automatic;
				PRODUCT_NAME = "$(TARGET_NAME)";
			};
			name = Release;
		};
/* End XCBuildConfiguration section */

/* Begin XCConfigurationList section */
		B0FFB3322B7EC1ED00CCC42E /* Build configuration list for PBXProject "hello_metal_cpp" */ = {
			isa = XCConfigurationList;
			buildConfigurations = (
				B0FFB33C2B7EC1ED00CCC42E /* Debug */,
				B0FFB33D2B7EC1ED00CCC42E /* Release */,
			);
			defaultConfigurationIsVisible = 0;
			defaultConfigurationName = Release;
		};
		B0FFB33E2B7EC1ED00CCC42E /* Build configuration list for PBXNativeTarget "hello_metal_cpp" */ = {
			isa = XCConfigurationList;
			buildConfigurations = (
				B0FFB33F2B7EC1ED00CCC42E /* Debug */,
				B0FFB3402B7EC1ED00CCC42E /* Release */,
			);
			defaultConfigurationIsVisible = 0;
			defaultConfigurationName = Release;
		};
/* End XCConfigurationList section */
	};
	rootObject = B0FFB32F2B7EC1ED00CCC42E /* Project object */;
}
